# THIS IS AN AUTOGENERATED FILE. DO NOT EDIT THIS FILE DIRECTLY.
# yarn lockfile v1


stimulus-places-autocomplete@^0.5.0:
  version "0.5.0"
  resolved "https://registry.yarnpkg.com/stimulus-places-autocomplete/-/stimulus-places-autocomplete-0.5.0.tgz#a18603ee629ec0944c4adae6b76b3fed515e1e1a"
  integrity sha512-9cVHWDXlkewELruJlbkNjLm4izybkOnLKQLUX/5F18ht5Dev+4/p+venaTfcHOkX9lyVj1qDz/SAiAjZnLx7tQ==
